
Microsoft Visual Studio Solution File, Format Version 12.00
# Visual Studio 2013
VisualStudioVersion = 12.0.31101.0
MinimumVisualStudioVersion = 10.0.40219.1
Project("{888888A0-9F3D-457C-B088-3A5042F75D52}") = "PythonApplication1", "PythonApplication1\PythonApplication1.pyproj", "{969F9BEF-9BE0-4FAB-AB3C-981F2ECDD133}"
EndProject
Project("{888888A0-9F3D-457C-B088-3A5042F75D52}") = "03_StringChallenge", "03_StringChallenge\03_StringChallenge.pyproj", "{3CE6DC4C-7AA2-44B0-988C-B3C4F92BFB44}"
EndProject
Project("{888888A0-9F3D-457C-B088-3A5042F75D52}") = "06_CalculateShippingCharges", "06_CalculateShippingCharges\06_CalculateShippingCharges.pyproj", "{93A7BCBD-D0B2-42CC-8439-1E7A0DE7AE13}"
EndProject
Project("{888888A0-9F3D-457C-B088-3A5042F75D52}") = "05_HowLongToComplete", "05_HowLongToComplete\05_HowLongToComplete.pyproj", "{F3FD62B2-D59D-44B3-8CFA-B7F6E83FF3AF}"
EndProject
Project("{888888A0-9F3D-457C-B088-3A5042F75D52}") = "04_LoanPaymentChallenge", "04_LoanPaymentChallenge\04_LoanPaymentChallenge.pyproj", "{CCBFF8F3-6202-4181-B1A7-27CC7E6C956A}"
EndProject
Project("{888888A0-9F3D-457C-B088-3A5042F75D52}") = "07_MoreComplexIfs", "07_MoreComplexeIfs\07_MoreComplexIfs.pyproj", "{E2E97D3E-9641-4B2D-892E-F1A24243B1E2}"
EndProject
Project("{888888A0-9F3D-457C-B088-3A5042F75D52}") = "08_TurtleShapes", "08_TurtleShapes\08_TurtleShapes.pyproj", "{35B860D8-B618-4145-B793-A3598EF363CE}"
EndProject
Project("{888888A0-9F3D-457C-B088-3A5042F75D52}") = "09_EtchASchetch", "09_EtchASchetch\09_EtchASchetch.pyproj", "{343476E8-9364-4E5D-B388-22087005F917}"
EndProject
Project("{888888A0-9F3D-457C-B088-3A5042F75D52}") = "10_PartyList", "10_PartyList\10_PartyList.pyproj", "{F746C818-A5BF-4F97-B301-17C134DCF33F}"
EndProject
Project("{888888A0-9F3D-457C-B088-3A5042F75D52}") = "11_WorkingWithFiles", "11_WorkingWithFiles\11_WorkingWithFiles.pyproj", "{6A8CED04-3D3A-4E3B-8CB9-DF39A73595CA}"
EndProject
Project("{888888A0-9F3D-457C-B088-3A5042F75D52}") = "R12_ReadGuestList", "R12_ReadGuestList\R12_ReadGuestList.pyproj", "{10452E78-AE14-4894-A6BE-CA62A9B38CA3}"
EndProject
Project("{888888A0-9F3D-457C-B088-3A5042F75D52}") = "13_SimpleFunctions", "13_SimpleFunctions\13_SimpleFunctions.pyproj", "{0E29E24B-8F4B-4BCB-989C-C4148F283DB3}"
EndProject
Global
	GlobalSection(SolutionConfigurationPlatforms) = preSolution
		Debug|Any CPU = Debug|Any CPU
		Release|Any CPU = Release|Any CPU
	EndGlobalSection
	GlobalSection(ProjectConfigurationPlatforms) = postSolution
		{969F9BEF-9BE0-4FAB-AB3C-981F2ECDD133}.Debug|Any CPU.ActiveCfg = Debug|Any CPU
		{969F9BEF-9BE0-4FAB-AB3C-981F2ECDD133}.Release|Any CPU.ActiveCfg = Release|Any CPU
		{3CE6DC4C-7AA2-44B0-988C-B3C4F92BFB44}.Debug|Any CPU.ActiveCfg = Debug|Any CPU
		{3CE6DC4C-7AA2-44B0-988C-B3C4F92BFB44}.Release|Any CPU.ActiveCfg = Release|Any CPU
		{93A7BCBD-D0B2-42CC-8439-1E7A0DE7AE13}.Debug|Any CPU.ActiveCfg = Debug|Any CPU
		{93A7BCBD-D0B2-42CC-8439-1E7A0DE7AE13}.Release|Any CPU.ActiveCfg = Release|Any CPU
		{F3FD62B2-D59D-44B3-8CFA-B7F6E83FF3AF}.Debug|Any CPU.ActiveCfg = Debug|Any CPU
		{F3FD62B2-D59D-44B3-8CFA-B7F6E83FF3AF}.Release|Any CPU.ActiveCfg = Release|Any CPU
		{CCBFF8F3-6202-4181-B1A7-27CC7E6C956A}.Debug|Any CPU.ActiveCfg = Debug|Any CPU
		{CCBFF8F3-6202-4181-B1A7-27CC7E6C956A}.Release|Any CPU.ActiveCfg = Release|Any CPU
		{E2E97D3E-9641-4B2D-892E-F1A24243B1E2}.Debug|Any CPU.ActiveCfg = Debug|Any CPU
		{E2E97D3E-9641-4B2D-892E-F1A24243B1E2}.Release|Any CPU.ActiveCfg = Release|Any CPU
		{35B860D8-B618-4145-B793-A3598EF363CE}.Debug|Any CPU.ActiveCfg = Debug|Any CPU
		{35B860D8-B618-4145-B793-A3598EF363CE}.Release|Any CPU.ActiveCfg = Release|Any CPU
		{343476E8-9364-4E5D-B388-22087005F917}.Debug|Any CPU.ActiveCfg = Debug|Any CPU
		{343476E8-9364-4E5D-B388-22087005F917}.Release|Any CPU.ActiveCfg = Release|Any CPU
		{F746C818-A5BF-4F97-B301-17C134DCF33F}.Debug|Any CPU.ActiveCfg = Debug|Any CPU
		{F746C818-A5BF-4F97-B301-17C134DCF33F}.Release|Any CPU.ActiveCfg = Release|Any CPU
		{6A8CED04-3D3A-4E3B-8CB9-DF39A73595CA}.Debug|Any CPU.ActiveCfg = Debug|Any CPU
		{6A8CED04-3D3A-4E3B-8CB9-DF39A73595CA}.Release|Any CPU.ActiveCfg = Release|Any CPU
		{10452E78-AE14-4894-A6BE-CA62A9B38CA3}.Debug|Any CPU.ActiveCfg = Debug|Any CPU
		{10452E78-AE14-4894-A6BE-CA62A9B38CA3}.Release|Any CPU.ActiveCfg = Release|Any CPU
		{0E29E24B-8F4B-4BCB-989C-C4148F283DB3}.Debug|Any CPU.ActiveCfg = Debug|Any CPU
		{0E29E24B-8F4B-4BCB-989C-C4148F283DB3}.Release|Any CPU.ActiveCfg = Release|Any CPU
	EndGlobalSection
	GlobalSection(SolutionProperties) = preSolution
		HideSolutionNode = FALSE
	EndGlobalSection
EndGlobal
